// !$*UTF8*$!
{
	archiveVersion = 1;
	classes = {
	};
	objectVersion = 52;
	objects = {

/* Begin PBXBuildFile section */
		C078E18727BE95B100A1795E /* Assets.xcassets in Resources */ = {isa = PBXBuildFile; fileRef = C078E17627BE95B100A1795E /* Assets.xcassets */; };
		C078E18827BE95B100A1795E /* LaunchScreen.storyboard in Resources */ = {isa = PBXBuildFile; fileRef = C078E17727BE95B100A1795E /* LaunchScreen.storyboard */; };
		C078E18927BE95B100A1795E /* Main.storyboard in Resources */ = {isa = PBXBuildFile; fileRef = C078E17927BE95B100A1795E /* Main.storyboard */; };
		C078E18C27BE95B100A1795E /* AppDelegate.swift in Sources */ = {isa = PBXBuildFile; fileRef = C078E17E27BE95B100A1795E /* AppDelegate.swift */; };
		C078E19027BE95B100A1795E /* BaseView.swift in Sources */ = {isa = PBXBuildFile; fileRef = C078E18427BE95B100A1795E /* BaseView.swift */; };
		C078E19227BE970900A1795E /* ViewController.swift in Sources */ = {isa = PBXBuildFile; fileRef = C078E19127BE970900A1795E /* ViewController.swift */; };
		C078E19527BE986A00A1795E /* GRDB in Frameworks */ = {isa = PBXBuildFile; productRef = C078E19427BE986A00A1795E /* GRDB */; };
		C078E19A27BE98E700A1795E /* RxCocoa in Frameworks */ = {isa = PBXBuildFile; productRef = C078E19927BE98E700A1795E /* RxCocoa */; };
		C078E19C27BE98E700A1795E /* RxRelay in Frameworks */ = {isa = PBXBuildFile; productRef = C078E19B27BE98E700A1795E /* RxRelay */; };
		C078E19E27BE98E700A1795E /* RxSwift in Frameworks */ = {isa = PBXBuildFile; productRef = C078E19D27BE98E700A1795E /* RxSwift */; };
		C078E1A027BE990000A1795E /* Data.json in Resources */ = {isa = PBXBuildFile; fileRef = C078E19F27BE990000A1795E /* Data.json */; };
/* End PBXBuildFile section */

/* Begin PBXFileReference section */
		C01B9ECD2710AFAB00A38F40 /* PlaygroundProject.app */ = {isa = PBXFileReference; explicitFileType = wrapper.application; includeInIndex = 0; path = PlaygroundProject.app; sourceTree = BUILT_PRODUCTS_DIR; };
		C078E17627BE95B100A1795E /* Assets.xcassets */ = {isa = PBXFileReference; lastKnownFileType = folder.assetcatalog; path = Assets.xcassets; sourceTree = "<group>"; };
		C078E17827BE95B100A1795E /* Base */ = {isa = PBXFileReference; lastKnownFileType = file.storyboard; name = Base; path = Base.lproj/LaunchScreen.storyboard; sourceTree = "<group>"; };
		C078E17A27BE95B100A1795E /* Base */ = {isa = PBXFileReference; lastKnownFileType = file.storyboard; name = Base; path = Base.lproj/Main.storyboard; sourceTree = "<group>"; };
		C078E17E27BE95B100A1795E /* AppDelegate.swift */ = {isa = PBXFileReference; fileEncoding = 4; lastKnownFileType = sourcecode.swift; path = AppDelegate.swift; sourceTree = "<group>"; };
		C078E18227BE95B100A1795E /* Info.plist */ = {isa = PBXFileReference; fileEncoding = 4; lastKnownFileType = text.plist.xml; path = Info.plist; sourceTree = "<group>"; };
		C078E18427BE95B100A1795E /* BaseView.swift */ = {isa = PBXFileReference; fileEncoding = 4; lastKnownFileType = sourcecode.swift; path = BaseView.swift; sourceTree = "<group>"; };
		C078E19127BE970900A1795E /* ViewController.swift */ = {isa = PBXFileReference; lastKnownFileType = sourcecode.swift; path = ViewController.swift; sourceTree = "<group>"; };
		C078E19F27BE990000A1795E /* Data.json */ = {isa = PBXFileReference; lastKnownFileType = text.json; path = Data.json; sourceTree = "<group>"; };
/* End PBXFileReference section */

/* Begin PBXFrameworksBuildPhase section */
		C01B9ECA2710AFAB00A38F40 /* Frameworks */ = {
			isa = PBXFrameworksBuildPhase;
			buildActionMask = 2147483647;
			files = (
				C078E19C27BE98E700A1795E /* RxRelay in Frameworks */,
				C078E19A27BE98E700A1795E /* RxCocoa in Frameworks */,
				C078E19E27BE98E700A1795E /* RxSwift in Frameworks */,
				C078E19527BE986A00A1795E /* GRDB in Frameworks */,
			);
			runOnlyForDeploymentPostprocessing = 0;
		};
/* End PBXFrameworksBuildPhase section */

/* Begin PBXGroup section */
		C01B9EC42710AFAB00A38F40 = {
			isa = PBXGroup;
			children = (
				C078E17127BE95B100A1795E /* PlaygroundProject */,
				C01B9ECE2710AFAB00A38F40 /* Products */,
			);
			sourceTree = "<group>";
		};
		C01B9ECE2710AFAB00A38F40 /* Products */ = {
			isa = PBXGroup;
			children = (
				C01B9ECD2710AFAB00A38F40 /* PlaygroundProject.app */,
			);
			name = Products;
			sourceTree = "<group>";
		};
		C078E17127BE95B100A1795E /* PlaygroundProject */ = {
			isa = PBXGroup;
			children = (
				C078E17627BE95B100A1795E /* Assets.xcassets */,
				C078E17727BE95B100A1795E /* LaunchScreen.storyboard */,
				C078E17927BE95B100A1795E /* Main.storyboard */,
				C078E17E27BE95B100A1795E /* AppDelegate.swift */,
				C078E19127BE970900A1795E /* ViewController.swift */,
				C078E19F27BE990000A1795E /* Data.json */,
				C078E18227BE95B100A1795E /* Info.plist */,
				C078E18327BE95B100A1795E /* Base */,
			);
			path = PlaygroundProject;
			sourceTree = "<group>";
		};
		C078E18327BE95B100A1795E /* Base */ = {
			isa = PBXGroup;
			children = (
				C078E18427BE95B100A1795E /* BaseView.swift */,
			);
			path = Base;
			sourceTree = "<group>";
		};
/* End PBXGroup section */

/* Begin PBXNativeTarget section */
		C01B9ECC2710AFAB00A38F40 /* PlaygroundProject */ = {
			isa = PBXNativeTarget;
			buildConfigurationList = C01B9EE12710AFAB00A38F40 /* Build configuration list for PBXNativeTarget "PlaygroundProject" */;
			buildPhases = (
				C01B9EC92710AFAB00A38F40 /* Sources */,
				C01B9ECA2710AFAB00A38F40 /* Frameworks */,
				C01B9ECB2710AFAB00A38F40 /* Resources */,
			);
			buildRules = (
			);
			dependencies = (
			);
			name = PlaygroundProject;
			packageProductDependencies = (
				C078E19427BE986A00A1795E /* GRDB */,
				C078E19927BE98E700A1795E /* RxCocoa */,
				C078E19B27BE98E700A1795E /* RxRelay */,
				C078E19D27BE98E700A1795E /* RxSwift */,
			);
			productName = LearniOS;
			productReference = C01B9ECD2710AFAB00A38F40 /* PlaygroundProject.app */;
			productType = "com.apple.product-type.application";
		};
/* End PBXNativeTarget section */

/* Begin PBXProject section */
		C01B9EC52710AFAB00A38F40 /* Project object */ = {
			isa = PBXProject;
			attributes = {
				LastSwiftUpdateCheck = 1250;
				LastUpgradeCheck = 1250;
				TargetAttributes = {
					C01B9ECC2710AFAB00A38F40 = {
						CreatedOnToolsVersion = 12.5.1;
					};
				};
			};
			buildConfigurationList = C01B9EC82710AFAB00A38F40 /* Build configuration list for PBXProject "PlaygroundProject" */;
			compatibilityVersion = "Xcode 9.3";
			developmentRegion = en;
			hasScannedForEncodings = 0;
			knownRegions = (
				en,
				Base,
			);
			mainGroup = C01B9EC42710AFAB00A38F40;
			packageReferences = (
				C078E19327BE986900A1795E /* XCRemoteSwiftPackageReference "GRDB" */,
				C078E19827BE98E700A1795E /* XCRemoteSwiftPackageReference "RxSwift" */,
			);
			productRefGroup = C01B9ECE2710AFAB00A38F40 /* Products */;
			projectDirPath = "";
			projectRoot = "";
			targets = (
				C01B9ECC2710AFAB00A38F40 /* PlaygroundProject */,
			);
		};
/* End PBXProject section */

/* Begin PBXResourcesBuildPhase section */
		C01B9ECB2710AFAB00A38F40 /* Resources */ = {
			isa = PBXResourcesBuildPhase;
			buildActionMask = 2147483647;
			files = (
				C078E18927BE95B100A1795E /* Main.storyboard in Resources */,
				C078E18727BE95B100A1795E /* Assets.xcassets in Resources */,
				C078E18827BE95B100A1795E /* LaunchScreen.storyboard in Resources */,
				C078E1A027BE990000A1795E /* Data.json in Resources */,
			);
			runOnlyForDeploymentPostprocessing = 0;
		};
/* End PBXResourcesBuildPhase section */

/* Begin PBXSourcesBuildPhase section */
		C01B9EC92710AFAB00A38F40 /* Sources */ = {
			isa = PBXSourcesBuildPhase;
			buildActionMask = 2147483647;
			files = (
				C078E19227BE970900A1795E /* ViewController.swift in Sources */,
				C078E18C27BE95B100A1795E /* AppDelegate.swift in Sources */,
				C078E19027BE95B100A1795E /* BaseView.swift in Sources */,
			);
			runOnlyForDeploymentPostprocessing = 0;
		};
/* End PBXSourcesBuildPhase section */

/* Begin PBXVariantGroup section */
		C078E17727BE95B100A1795E /* LaunchScreen.storyboard */ = {
			isa = PBXVariantGroup;
			children = (
				C078E17827BE95B100A1795E /* Base */,
			);
			name = LaunchScreen.storyboard;
			sourceTree = "<group>";
		};
		C078E17927BE95B100A1795E /* Main.storyboard */ = {
			isa = PBXVariantGroup;
			children = (
				C078E17A27BE95B100A1795E /* Base */,
			);
			name = Main.storyboard;
			sourceTree = "<group>";
		};
/* End PBXVariantGroup section */

/* Begin XCBuildConfiguration section */
		C01B9EDF2710AFAB00A38F40 /* Debug */ = {
			isa = XCBuildConfiguration;
			buildSettings = {
				ALWAYS_SEARCH_USER_PATHS = NO;
				CLANG_ANALYZER_NONNULL = YES;
				CLANG_ANALYZER_NUMBER_OBJECT_CONVERSION = YES_AGGRESSIVE;
				CLANG_CXX_LANGUAGE_STANDARD = "gnu++14";
				CLANG_CXX_LIBRARY = "libc++";
				CLANG_ENABLE_MODULES = YES;
				CLANG_ENABLE_OBJC_ARC = YES;
				CLANG_ENABLE_OBJC_WEAK = YES;
				CLANG_WARN_BLOCK_CAPTURE_AUTORELEASING = YES;
				CLANG_WARN_BOOL_CONVERSION = YES;
				CLANG_WARN_COMMA = YES;
				CLANG_WARN_CONSTANT_CONVERSION = YES;
				CLANG_WARN_DEPRECATED_OBJC_IMPLEMENTATIONS = YES;
				CLANG_WARN_DIRECT_OBJC_ISA_USAGE = YES_ERROR;
				CLANG_WARN_DOCUMENTATION_COMMENTS = YES;
				CLANG_WARN_EMPTY_BODY = YES;
				CLANG_WARN_ENUM_CONVERSION = YES;
				CLANG_WARN_INFINITE_RECURSION = YES;
				CLANG_WARN_INT_CONVERSION = YES;
				CLANG_WARN_NON_LITERAL_NULL_CONVERSION = YES;
				CLANG_WARN_OBJC_IMPLICIT_RETAIN_SELF = YES;
				CLANG_WARN_OBJC_LITERAL_CONVERSION = YES;
				CLANG_WARN_OBJC_ROOT_CLASS = YES_ERROR;
				CLANG_WARN_QUOTED_INCLUDE_IN_FRAMEWORK_HEADER = YES;
				CLANG_WARN_RANGE_LOOP_ANALYSIS = YES;
				CLANG_WARN_STRICT_PROTOTYPES = YES;
				CLANG_WARN_SUSPICIOUS_MOVE = YES;
				CLANG_WARN_UNGUARDED_AVAILABILITY = YES_AGGRESSIVE;
				CLANG_WARN_UNREACHABLE_CODE = YES;
				CLANG_WARN__DUPLICATE_METHOD_MATCH = YES;
				COPY_PHASE_STRIP = NO;
				DEBUG_INFORMATION_FORMAT = dwarf;
				ENABLE_STRICT_OBJC_MSGSEND = YES;
				ENABLE_TESTABILITY = YES;
				GCC_C_LANGUAGE_STANDARD = gnu11;
				GCC_DYNAMIC_NO_PIC = NO;
				GCC_NO_COMMON_BLOCKS = YES;
				GCC_OPTIMIZATION_LEVEL = 0;
				GCC_PREPROCESSOR_DEFINITIONS = (
					"DEBUG=1",
					"$(inherited)",
				);
				GCC_WARN_64_TO_32_BIT_CONVERSION = YES;
				GCC_WARN_ABOUT_RETURN_TYPE = YES_ERROR;
				GCC_WARN_UNDECLARED_SELECTOR = YES;
				GCC_WARN_UNINITIALIZED_AUTOS = YES_AGGRESSIVE;
				GCC_WARN_UNUSED_FUNCTION = YES;
				GCC_WARN_UNUSED_VARIABLE = YES;
				IPHONEOS_DEPLOYMENT_TARGET = 14.5;
				MTL_ENABLE_DEBUG_INFO = INCLUDE_SOURCE;
				MTL_FAST_MATH = YES;
				ONLY_ACTIVE_ARCH = YES;
				SDKROOT = iphoneos;
				SWIFT_ACTIVE_COMPILATION_CONDITIONS = DEBUG;
				SWIFT_OPTIMIZATION_LEVEL = "-Onone";
			};
			name = Debug;
		};
		C01B9EE02710AFAB00A38F40 /* Release */ = {
			isa = XCBuildConfiguration;
			buildSettings = {
				ALWAYS_SEARCH_USER_PATHS = NO;
				CLANG_ANALYZER_NONNULL = YES;
				CLANG_ANALYZER_NUMBER_OBJECT_CONVERSION = YES_AGGRESSIVE;
				CLANG_CXX_LANGUAGE_STANDARD = "gnu++14";
				CLANG_CXX_LIBRARY = "libc++";
				CLANG_ENABLE_MODULES = YES;
				CLANG_ENABLE_OBJC_ARC = YES;
				CLANG_ENABLE_OBJC_WEAK = YES;
				CLANG_WARN_BLOCK_CAPTURE_AUTORELEASING = YES;
				CLANG_WARN_BOOL_CONVERSION = YES;
				CLANG_WARN_COMMA = YES;
				CLANG_WARN_CONSTANT_CONVERSION = YES;
				CLANG_WARN_DEPRECATED_OBJC_IMPLEMENTATIONS = YES;
				CLANG_WARN_DIRECT_OBJC_ISA_USAGE = YES_ERROR;
				CLANG_WARN_DOCUMENTATION_COMMENTS = YES;
				CLANG_WARN_EMPTY_BODY = YES;
				CLANG_WARN_ENUM_CONVERSION = YES;
				CLANG_WARN_INFINITE_RECURSION = YES;
				CLANG_WARN_INT_CONVERSION = YES;
				CLANG_WARN_NON_LITERAL_NULL_CONVERSION = YES;
				CLANG_WARN_OBJC_IMPLICIT_RETAIN_SELF = YES;
				CLANG_WARN_OBJC_LITERAL_CONVERSION = YES;
				CLANG_WARN_OBJC_ROOT_CLASS = YES_ERROR;
				CLANG_WARN_QUOTED_INCLUDE_IN_FRAMEWORK_HEADER = YES;
				CLANG_WARN_RANGE_LOOP_ANALYSIS = YES;
				CLANG_WARN_STRICT_PROTOTYPES = YES;
				CLANG_WARN_SUSPICIOUS_MOVE = YES;
				CLANG_WARN_UNGUARDED_AVAILABILITY = YES_AGGRESSIVE;
				CLANG_WARN_UNREACHABLE_CODE = YES;
				CLANG_WARN__DUPLICATE_METHOD_MATCH = YES;
				COPY_PHASE_STRIP = NO;
				DEBUG_INFORMATION_FORMAT = "dwarf-with-dsym";
				ENABLE_NS_ASSERTIONS = NO;
				ENABLE_STRICT_OBJC_MSGSEND = YES;
				GCC_C_LANGUAGE_STANDARD = gnu11;
				GCC_NO_COMMON_BLOCKS = YES;
				GCC_WARN_64_TO_32_BIT_CONVERSION = YES;
				GCC_WARN_ABOUT_RETURN_TYPE = YES_ERROR;
				GCC_WARN_UNDECLARED_SELECTOR = YES;
				GCC_WARN_UNINITIALIZED_AUTOS = YES_AGGRESSIVE;
				GCC_WARN_UNUSED_FUNCTION = YES;
				GCC_WARN_UNUSED_VARIABLE = YES;
				IPHONEOS_DEPLOYMENT_TARGET = 14.5;
				MTL_ENABLE_DEBUG_INFO = NO;
				MTL_FAST_MATH = YES;
				SDKROOT = iphoneos;
				SWIFT_COMPILATION_MODE = wholemodule;
				SWIFT_OPTIMIZATION_LEVEL = "-O";
				VALIDATE_PRODUCT = YES;
			};
			name = Release;
		};
		C01B9EE22710AFAB00A38F40 /* Debug */ = {
			isa = XCBuildConfiguration;
			buildSettings = {
				ASSETCATALOG_COMPILER_APPICON_NAME = AppIcon;
				ASSETCATALOG_COMPILER_GLOBAL_ACCENT_COLOR_NAME = AccentColor;
				CODE_SIGN_STYLE = Automatic;
				INFOPLIST_FILE = PlaygroundProject/Info.plist;
				LD_RUNPATH_SEARCH_PATHS = (
					"$(inherited)",
					"@executable_path/Frameworks",
				);
				PRODUCT_BUNDLE_IDENTIFIER = testApp.test.Playgroundproject;
				PRODUCT_NAME = "$(TARGET_NAME)";
				SWIFT_VERSION = 5.0;
				TARGETED_DEVICE_FAMILY = "1,2";
			};
			name = Debug;
		};
		C01B9EE32710AFAB00A38F40 /* Release */ = {
			isa = XCBuildConfiguration;
			buildSettings = {
				ASSETCATALOG_COMPILER_APPICON_NAME = AppIcon;
				ASSETCATALOG_COMPILER_GLOBAL_ACCENT_COLOR_NAME = AccentColor;
				CODE_SIGN_STYLE = Automatic;
				INFOPLIST_FILE = PlaygroundProject/Info.plist;
				LD_RUNPATH_SEARCH_PATHS = (
					"$(inherited)",
					"@executable_path/Frameworks",
				);
				PRODUCT_BUNDLE_IDENTIFIER = testApp.test.Playgroundproject;
				PRODUCT_NAME = "$(TARGET_NAME)";
				SWIFT_VERSION = 5.0;
				TARGETED_DEVICE_FAMILY = "1,2";
			};
			name = Release;
		};
/* End XCBuildConfiguration section */

/* Begin XCConfigurationList section */
		C01B9EC82710AFAB00A38F40 /* Build configuration list for PBXProject "PlaygroundProject" */ = {
			isa = XCConfigurationList;
			buildConfigurations = (
				C01B9EDF2710AFAB00A38F40 /* Debug */,
				C01B9EE02710AFAB00A38F40 /* Release */,
			);
			defaultConfigurationIsVisible = 0;
			defaultConfigurationName = Release;
		};
		C01B9EE12710AFAB00A38F40 /* Build configuration list for PBXNativeTarget "PlaygroundProject" */ = {
			isa = XCConfigurationList;
			buildConfigurations = (
				C01B9EE22710AFAB00A38F40 /* Debug */,
				C01B9EE32710AFAB00A38F40 /* Release */,
			);
			defaultConfigurationIsVisible = 0;
			defaultConfigurationName = Release;
		};
/* End XCConfigurationList section */

/* Begin XCRemoteSwiftPackageReference section */
		C078E19327BE986900A1795E /* XCRemoteSwiftPackageReference "GRDB" */ = {
			isa = XCRemoteSwiftPackageReference;
			repositoryURL = "https://github.com/groue/GRDB.swift";
			requirement = {
				branch = master;
				kind = branch;
			};
		};
		C078E19827BE98E700A1795E /* XCRemoteSwiftPackageReference "RxSwift" */ = {
			isa = XCRemoteSwiftPackageReference;
			repositoryURL = "https://github.com/ReactiveX/RxSwift";
			requirement = {
				branch = main;
				kind = branch;
			};
		};
/* End XCRemoteSwiftPackageReference section */

/* Begin XCSwiftPackageProductDependency section */
		C078E19427BE986A00A1795E /* GRDB */ = {
			isa = XCSwiftPackageProductDependency;
			package = C078E19327BE986900A1795E /* XCRemoteSwiftPackageReference "GRDB" */;
			productName = GRDB;
		};
		C078E19927BE98E700A1795E /* RxCocoa */ = {
			isa = XCSwiftPackageProductDependency;
			package = C078E19827BE98E700A1795E /* XCRemoteSwiftPackageReference "RxSwift" */;
			productName = RxCocoa;
		};
		C078E19B27BE98E700A1795E /* RxRelay */ = {
			isa = XCSwiftPackageProductDependency;
			package = C078E19827BE98E700A1795E /* XCRemoteSwiftPackageReference "RxSwift" */;
			productName = RxRelay;
		};
		C078E19D27BE98E700A1795E /* RxSwift */ = {
			isa = XCSwiftPackageProductDependency;
			package = C078E19827BE98E700A1795E /* XCRemoteSwiftPackageReference "RxSwift" */;
			productName = RxSwift;
		};
/* End XCSwiftPackageProductDependency section */
	};
	rootObject = C01B9EC52710AFAB00A38F40 /* Project object */;
}
